
Microsoft Visual Studio Solution File, Format Version 12.00
# Visual Studio Version 16
VisualStudioVersion = 16.0.29709.97
MinimumVisualStudioVersion = 10.0.40219.1
Project("{FAE04EC0-301F-11D3-BF4B-00C04F79EFBC}") = "Pochta", "Pochta.csproj", "{095D4E82-0DB2-47AA-96AB-2E4F8C7666F1}"
EndProject
Global
	GlobalSection(SolutionConfigurationPlatforms) = preSolution
		Debug|Any CPU = Debug|Any CPU
		Release|Any CPU = Release|Any CPU
	EndGlobalSection
	GlobalSection(ProjectConfigurationPlatforms) = postSolution
		{095D4E82-0DB2-47AA-96AB-2E4F8C7666F1}.Debug|Any CPU.ActiveCfg = Debug|Any CPU
		{095D4E82-0DB2-47AA-96AB-2E4F8C7666F1}.Debug|Any CPU.Build.0 = Debug|Any CPU
		{095D4E82-0DB2-47AA-96AB-2E4F8C7666F1}.Release|Any CPU.ActiveCfg = Release|Any CPU
		{095D4E82-0DB2-47AA-96AB-2E4F8C7666F1}.Release|Any CPU.Build.0 = Release|Any CPU
	EndGlobalSection
	GlobalSection(SolutionProperties) = preSolution
		HideSolutionNode = FALSE
	EndGlobalSection
	GlobalSection(ExtensibilityGlobals) = postSolution
		SolutionGuid = {E2E042E8-DBE7-465A-B9C0-C4E7E94F1F2B}
	EndGlobalSection
EndGlobal
